
Microsoft Visual Studio Solution File, Format Version 12.00
# Visual Studio Version 16
VisualStudioVersion = 16.0.29306.81
MinimumVisualStudioVersion = 10.0.40219.1
Project("{FAE04EC0-301F-11D3-BF4B-00C04F79EFBC}") = "Simple_Calculator", "Simple_Calculator\Simple_Calculator.csproj", "{CF890FC7-F185-450E-9313-BCBA9232AE8E}"
EndProject
Global
	GlobalSection(SolutionConfigurationPlatforms) = preSolution
		Debug|Any CPU = Debug|Any CPU
		Release|Any CPU = Release|Any CPU
	EndGlobalSection
	GlobalSection(ProjectConfigurationPlatforms) = postSolution
		{CF890FC7-F185-450E-9313-BCBA9232AE8E}.Debug|Any CPU.ActiveCfg = Debug|Any CPU
		{CF890FC7-F185-450E-9313-BCBA9232AE8E}.Debug|Any CPU.Build.0 = Debug|Any CPU
		{CF890FC7-F185-450E-9313-BCBA9232AE8E}.Release|Any CPU.ActiveCfg = Release|Any CPU
		{CF890FC7-F185-450E-9313-BCBA9232AE8E}.Release|Any CPU.Build.0 = Release|Any CPU
	EndGlobalSection
	GlobalSection(SolutionProperties) = preSolution
		HideSolutionNode = FALSE
	EndGlobalSection
	GlobalSection(ExtensibilityGlobals) = postSolution
		SolutionGuid = {50DF58AE-34BB-49E8-A5FF-CFEB6437660D}
	EndGlobalSection
EndGlobal
